// !$*UTF8*$!
{
	archiveVersion = 1;
	classes = {
	};
	objectVersion = 77;
	objects = {

/* Begin PBXFileReference section */
		AA10000000000000000000F0 /* RTL8127Dext.dext */ = {isa = PBXFileReference; explicitFileType = "wrapper.driver-extension"; includeInIndex = 0; path = RTL8127Dext.dext; sourceTree = BUILT_PRODUCTS_DIR; };
		AA10000000000000000000F1 /* RTL8127App.app */ = {isa = PBXFileReference; explicitFileType = wrapper.application; includeInIndex = 0; path = RTL8127App.app; sourceTree = BUILT_PRODUCTS_DIR; };
/* End PBXFileReference section */

/* Begin PBXBuildFile section */
		AA10000000000000000000B6 /* RTL8127Dext.dext in SystemExtensions */ = {isa = PBXBuildFile; fileRef = AA10000000000000000000F0 /* RTL8127Dext.dext */; settings = {ATTRIBUTES = (RemoveHeadersOnCopy, ); }; };
/* End PBXBuildFile section */

/* Begin PBXContainerItemProxy section */
		AA10000000000000000000CC /* PBXContainerItemProxy */ = {
			isa = PBXContainerItemProxy;
			containerPortal = AA1000000000000000000090 /* Project object */;
			proxyType = 1;
			remoteGlobalIDString = AA10000000000000000000C0;
			remoteInfo = RTL8127Dext;
		};
/* End PBXContainerItemProxy section */

/* Begin PBXTargetDependency section */
		AA10000000000000000000CD /* PBXTargetDependency */ = {
			isa = PBXTargetDependency;
			target = AA10000000000000000000C0 /* RTL8127Dext */;
			targetProxy = AA10000000000000000000CC /* PBXContainerItemProxy */;
		};
/* End PBXTargetDependency section */

/* Begin PBXCopyFilesBuildPhase section */
		AA10000000000000000000B5 /* Embed System Extensions */ = {
			isa = PBXCopyFilesBuildPhase;
			buildActionMask = 2147483647;
			dstPath = "$(SYSTEM_EXTENSIONS_FOLDER_PATH)";
			dstSubfolderSpec = 16;
			files = (
				AA10000000000000000000B6 /* RTL8127Dext.dext in SystemExtensions */,
			);
			name = "Embed System Extensions";
			runOnlyForDeploymentPostprocessing = 0;
		};
/* End PBXCopyFilesBuildPhase section */

/* Begin PBXFileSystemSynchronizedRootGroup section */
		AA10000000000000000000A1 /* RTL8127Dext */ = {isa = PBXFileSystemSynchronizedRootGroup; explicitFileTypes = {}; explicitFolders = (); path = RTL8127Dext; sourceTree = "<group>"; };
		AA10000000000000000000A3 /* RTL8127App */ = {isa = PBXFileSystemSynchronizedRootGroup; explicitFileTypes = {}; explicitFolders = (); path = RTL8127App; sourceTree = "<group>"; };
/* End PBXFileSystemSynchronizedRootGroup section */

/* Begin PBXFrameworksBuildPhase section */
		AA10000000000000000000B2 /* Frameworks */ = {
			isa = PBXFrameworksBuildPhase;
			buildActionMask = 2147483647;
			files = (
			);
			runOnlyForDeploymentPostprocessing = 0;
		};
/* End PBXFrameworksBuildPhase section */

/* Begin PBXGroup section */
		AA10000000000000000000A0 = {
			isa = PBXGroup;
			children = (
				AA10000000000000000000A1 /* RTL8127Dext */,
				AA10000000000000000000A3 /* RTL8127App */,
				AA10000000000000000000A2 /* Products */,
			);
			sourceTree = "<group>";
		};
		AA10000000000000000000A2 /* Products */ = {
			isa = PBXGroup;
			children = (
				AA10000000000000000000F0 /* RTL8127Dext.dext */,
				AA10000000000000000000F1 /* RTL8127App.app */,
			);
			name = Products;
			sourceTree = "<group>";
		};
/* End PBXGroup section */

/* Begin PBXNativeTarget section */
		AA10000000000000000000C0 /* RTL8127Dext */ = {
			isa = PBXNativeTarget;
			buildConfigurationList = AA10000000000000000000D0 /* Build configuration list for PBXNativeTarget "RTL8127Dext" */;
			buildPhases = (
				AA10000000000000000000B1 /* Sources */,
				AA10000000000000000000B2 /* Frameworks */,
			);
			buildRules = (
			);
			dependencies = (
			);
			fileSystemSynchronizedGroups = (
				AA10000000000000000000A1 /* RTL8127Dext */,
			);
			name = RTL8127Dext;
			packageProductDependencies = (
			);
			productName = RTL8127Dext;
			productReference = AA10000000000000000000F0 /* RTL8127Dext.dext */;
			productType = "com.apple.product-type.driver-extension";
		};
		AA10000000000000000000C1 /* RTL8127App */ = {
			isa = PBXNativeTarget;
			buildConfigurationList = AA10000000000000000000D2 /* Build configuration list for PBXNativeTarget "RTL8127App" */;
			buildPhases = (
				AA10000000000000000000B3 /* Sources */,
				AA10000000000000000000B4 /* Frameworks */,
				AA10000000000000000000B7 /* Resources */,
				AA10000000000000000000B5 /* Embed System Extensions */,
			);
			buildRules = (
			);
			dependencies = (
				AA10000000000000000000CD /* PBXTargetDependency */,
			);
			fileSystemSynchronizedGroups = (
				AA10000000000000000000A3 /* RTL8127App */,
			);
			name = RTL8127App;
			packageProductDependencies = (
			);
			productName = RTL8127App;
			productReference = AA10000000000000000000F1 /* RTL8127App.app */;
			productType = "com.apple.product-type.application";
		};
/* End PBXNativeTarget section */

/* Begin PBXResourcesBuildPhase section */
		AA10000000000000000000B7 /* Resources */ = {
			isa = PBXResourcesBuildPhase;
			buildActionMask = 2147483647;
			files = (
			);
			runOnlyForDeploymentPostprocessing = 0;
		};
/* End PBXResourcesBuildPhase section */

/* Begin PBXProject section */
		AA1000000000000000000090 /* Project object */ = {
			isa = PBXProject;
			attributes = {
				BuildIndependentTargetsInParallel = 1;
				LastUpgradeCheck = 2600;
			};
			buildConfigurationList = AA10000000000000000000D1 /* Build configuration list for PBXProject "RTL8127Dext" */;
			developmentRegion = en;
			hasScannedForEncodings = 0;
			knownRegions = (
				en,
				fr,
				de,
				es,
				it,
				ja,
				"zh-Hans",
				Base,
			);
			mainGroup = AA10000000000000000000A0;
			minimizedProjectReferenceProxies = 1;
			preferredProjectObjectVersion = 77;
			productRefGroup = AA10000000000000000000A2 /* Products */;
			projectDirPath = "";
			projectRoot = "";
			targets = (
				AA10000000000000000000C0 /* RTL8127Dext */,
				AA10000000000000000000C1 /* RTL8127App */,
			);
		};
/* End PBXProject section */

/* Begin PBXSourcesBuildPhase section */
		AA10000000000000000000B1 /* Sources */ = {
			isa = PBXSourcesBuildPhase;
			buildActionMask = 2147483647;
			files = (
			);
			runOnlyForDeploymentPostprocessing = 0;
		};
		AA10000000000000000000B3 /* Sources */ = {
			isa = PBXSourcesBuildPhase;
			buildActionMask = 2147483647;
			files = (
			);
			runOnlyForDeploymentPostprocessing = 0;
		};
/* End PBXSourcesBuildPhase section */

/* Begin PBXFrameworksBuildPhase section (app) */
		AA10000000000000000000B4 /* Frameworks */ = {
			isa = PBXFrameworksBuildPhase;
			buildActionMask = 2147483647;
			files = (
			);
			runOnlyForDeploymentPostprocessing = 0;
		};
/* End PBXFrameworksBuildPhase section (app) */

/* Begin XCBuildConfiguration section */
		AA10000000000000000000E0 /* Debug */ = {
			isa = XCBuildConfiguration;
			buildSettings = {
				CLANG_CXX_LANGUAGE_STANDARD = "gnu++17";
				CLANG_ENABLE_MODULES = YES;
				CLANG_WARN_BOOL_CONVERSION = YES;
				CLANG_WARN_EMPTY_BODY = YES;
				CLANG_WARN_INT_CONVERSION = YES;
				CLANG_WARN_UNREACHABLE_CODE = YES;
				COPY_PHASE_STRIP = NO;
				DEBUG_INFORMATION_FORMAT = dwarf;
				DRIVERKIT_DEPLOYMENT_TARGET = 24.0;
				GCC_C_LANGUAGE_STANDARD = gnu17;
				GCC_OPTIMIZATION_LEVEL = 0;
				GCC_PREPROCESSOR_DEFINITIONS = (
					"DEBUG=1",
					"$(inherited)",
				);
				GCC_WARN_ABOUT_RETURN_TYPE = YES_ERROR;
				GCC_WARN_UNINITIALIZED_AUTOS = YES_AGGRESSIVE;
				GCC_WARN_UNUSED_FUNCTION = YES;
				GCC_WARN_UNUSED_VARIABLE = YES;
				ONLY_ACTIVE_ARCH = NO;
				SDKROOT = driverkit;
			};
			name = Debug;
		};
		AA10000000000000000000E1 /* Release */ = {
			isa = XCBuildConfiguration;
			buildSettings = {
				CLANG_CXX_LANGUAGE_STANDARD = "gnu++17";
				CLANG_ENABLE_MODULES = YES;
				CLANG_WARN_BOOL_CONVERSION = YES;
				CLANG_WARN_EMPTY_BODY = YES;
				CLANG_WARN_INT_CONVERSION = YES;
				CLANG_WARN_UNREACHABLE_CODE = YES;
				COPY_PHASE_STRIP = NO;
				DEBUG_INFORMATION_FORMAT = "dwarf-with-dsym";
				DRIVERKIT_DEPLOYMENT_TARGET = 24.0;
				ENABLE_NS_ASSERTIONS = NO;
				GCC_C_LANGUAGE_STANDARD = gnu17;
				GCC_WARN_ABOUT_RETURN_TYPE = YES_ERROR;
				GCC_WARN_UNINITIALIZED_AUTOS = YES_AGGRESSIVE;
				GCC_WARN_UNUSED_FUNCTION = YES;
				GCC_WARN_UNUSED_VARIABLE = YES;
				SDKROOT = driverkit;
			};
			name = Release;
		};
		AA10000000000000000000E2 /* Debug */ = {
			isa = XCBuildConfiguration;
			buildSettings = {
				CODE_SIGN_ENTITLEMENTS = RTL8127Dext/RTL8127Dext.entitlements;
				CODE_SIGN_IDENTITY = "Developer ID Application";
				CODE_SIGN_STYLE = Manual;
				DEVELOPMENT_TEAM = LRA39582TA;
				PROVISIONING_PROFILE_SPECIFIER = "RTL8127Dext Developer ID";
				GENERATE_INFOPLIST_FILE = NO;
				HEADER_SEARCH_PATHS = (
					"$(PROJECT_DIR)/RTL8127Dext/compat",
					"$(PROJECT_DIR)/../RTL812xLucy",
					"$(PROJECT_DIR)/../RTL812xLucy/linux",
				);
				INFOPLIST_FILE = RTL8127Dext/Info.plist;
				OTHER_LDFLAGS = (
					"-framework",
					DriverKit,
					"-framework",
					PCIDriverKit,
					"-framework",
					NetworkingDriverKit,
				);
				CURRENT_PROJECT_VERSION = 207;
				MARKETING_VERSION = 0.2.7;
				PRODUCT_BUNDLE_IDENTIFIER = net.wizzz.RTL8127Dext;
				PRODUCT_NAME = net.wizzz.RTL8127Dext;
			};
			name = Debug;
		};
		AA10000000000000000000E3 /* Release */ = {
			isa = XCBuildConfiguration;
			buildSettings = {
				CODE_SIGN_ENTITLEMENTS = RTL8127Dext/RTL8127Dext.entitlements;
				CODE_SIGN_IDENTITY = "Developer ID Application";
				CODE_SIGN_STYLE = Manual;
				DEVELOPMENT_TEAM = LRA39582TA;
				PROVISIONING_PROFILE_SPECIFIER = "RTL8127Dext Developer ID";
				GENERATE_INFOPLIST_FILE = NO;
				HEADER_SEARCH_PATHS = (
					"$(PROJECT_DIR)/RTL8127Dext/compat",
					"$(PROJECT_DIR)/../RTL812xLucy",
					"$(PROJECT_DIR)/../RTL812xLucy/linux",
				);
				INFOPLIST_FILE = RTL8127Dext/Info.plist;
				OTHER_LDFLAGS = (
					"-framework",
					DriverKit,
					"-framework",
					PCIDriverKit,
					"-framework",
					NetworkingDriverKit,
				);
				CURRENT_PROJECT_VERSION = 207;
				MARKETING_VERSION = 0.2.7;
				PRODUCT_BUNDLE_IDENTIFIER = net.wizzz.RTL8127Dext;
				PRODUCT_NAME = net.wizzz.RTL8127Dext;
			};
			name = Release;
		};
		AA10000000000000000000E4 /* Debug */ = {
			isa = XCBuildConfiguration;
			buildSettings = {
				CODE_SIGN_ENTITLEMENTS = RTL8127App/RTL8127App.entitlements;
				CODE_SIGN_IDENTITY = "Developer ID Application";
				CODE_SIGN_STYLE = Manual;
				DEVELOPMENT_TEAM = LRA39582TA;
				ENABLE_HARDENED_RUNTIME = YES;
				PROVISIONING_PROFILE_SPECIFIER = "RTL8127App Developer ID";
				ASSETCATALOG_COMPILER_APPICON_NAME = AppIcon;
				COMBINE_HIDPI_IMAGES = YES;
				CURRENT_PROJECT_VERSION = 207;
				GENERATE_INFOPLIST_FILE = YES;
				INFOPLIST_KEY_CFBundleDisplayName = "RTL8127 Driver";
				INFOPLIST_KEY_LSApplicationCategoryType = "public.app-category.utilities";
				MACOSX_DEPLOYMENT_TARGET = 14.0;
				MARKETING_VERSION = 0.2.7;
				PRODUCT_BUNDLE_IDENTIFIER = net.wizzz.RTL8127App;
				PRODUCT_NAME = "$(TARGET_NAME)";
				SDKROOT = macosx;
				SWIFT_VERSION = 5.0;
			};
			name = Debug;
		};
		AA10000000000000000000E5 /* Release */ = {
			isa = XCBuildConfiguration;
			buildSettings = {
				CODE_SIGN_ENTITLEMENTS = RTL8127App/RTL8127App.entitlements;
				CODE_SIGN_INJECT_BASE_ENTITLEMENTS = NO;
				CODE_SIGN_IDENTITY = "Developer ID Application";
				CODE_SIGN_STYLE = Manual;
				DEVELOPMENT_TEAM = LRA39582TA;
				ENABLE_HARDENED_RUNTIME = YES;
				PROVISIONING_PROFILE_SPECIFIER = "RTL8127App Developer ID";
				ASSETCATALOG_COMPILER_APPICON_NAME = AppIcon;
				COMBINE_HIDPI_IMAGES = YES;
				CURRENT_PROJECT_VERSION = 207;
				GENERATE_INFOPLIST_FILE = YES;
				INFOPLIST_KEY_CFBundleDisplayName = "RTL8127 Driver";
				INFOPLIST_KEY_LSApplicationCategoryType = "public.app-category.utilities";
				MACOSX_DEPLOYMENT_TARGET = 14.0;
				MARKETING_VERSION = 0.2.7;
				PRODUCT_BUNDLE_IDENTIFIER = net.wizzz.RTL8127App;
				PRODUCT_NAME = "$(TARGET_NAME)";
				SDKROOT = macosx;
				SWIFT_VERSION = 5.0;
			};
			name = Release;
		};
/* End XCBuildConfiguration section */

/* Begin XCConfigurationList section */
		AA10000000000000000000D0 /* Build configuration list for PBXNativeTarget "RTL8127Dext" */ = {
			isa = XCConfigurationList;
			buildConfigurations = (
				AA10000000000000000000E2 /* Debug */,
				AA10000000000000000000E3 /* Release */,
			);
			defaultConfigurationIsVisible = 0;
			defaultConfigurationName = Release;
		};
		AA10000000000000000000D1 /* Build configuration list for PBXProject "RTL8127Dext" */ = {
			isa = XCConfigurationList;
			buildConfigurations = (
				AA10000000000000000000E0 /* Debug */,
				AA10000000000000000000E1 /* Release */,
			);
			defaultConfigurationIsVisible = 0;
			defaultConfigurationName = Release;
		};
		AA10000000000000000000D2 /* Build configuration list for PBXNativeTarget "RTL8127App" */ = {
			isa = XCConfigurationList;
			buildConfigurations = (
				AA10000000000000000000E4 /* Debug */,
				AA10000000000000000000E5 /* Release */,
			);
			defaultConfigurationIsVisible = 0;
			defaultConfigurationName = Release;
		};
/* End XCConfigurationList section */
	};
	rootObject = AA1000000000000000000090 /* Project object */;
}
